// !$*UTF8*$!
{
	archiveVersion = 1;
	classes = {
	};
	objectVersion = 46;
	objects = {

/* Begin PBXBuildFile section */
		64087EF51C7A6A3B0070D249 /* Error.swift in Sources */ = {isa = PBXBuildFile; fileRef = 64087EF41C7A6A3B0070D249 /* Error.swift */; };
		64087EF71C7A6C6E0070D249 /* ErrorAlert.swift in Sources */ = {isa = PBXBuildFile; fileRef = 64087EF61C7A6C6E0070D249 /* ErrorAlert.swift */; };
		64087EF91C7A6E740070D249 /* RepositoryCell.swift in Sources */ = {isa = PBXBuildFile; fileRef = 64087EF81C7A6E740070D249 /* RepositoryCell.swift */; };
		6419B1281C8CE1DC0060C3D9 /* Events.swift in Sources */ = {isa = PBXBuildFile; fileRef = 6419B1271C8CE1DC0060C3D9 /* Events.swift */; };
		6419B12A1C8CE25F0060C3D9 /* ProfileNavigatorController.swift in Sources */ = {isa = PBXBuildFile; fileRef = 6419B1291C8CE25F0060C3D9 /* ProfileNavigatorController.swift */; };
		6419B12D1C8CE6D00060C3D9 /* ProfileNavigatorViewContract.swift in Sources */ = {isa = PBXBuildFile; fileRef = 6419B12C1C8CE6D00060C3D9 /* ProfileNavigatorViewContract.swift */; };
		6419B12F1C8CE6E60060C3D9 /* ProfileNavigatorPresenterContract.swift in Sources */ = {isa = PBXBuildFile; fileRef = 6419B12E1C8CE6E60060C3D9 /* ProfileNavigatorPresenterContract.swift */; };
		6419B1311C8CE8560060C3D9 /* ProfileNavigatorPresenter.swift in Sources */ = {isa = PBXBuildFile; fileRef = 6419B1301C8CE8560060C3D9 /* ProfileNavigatorPresenter.swift */; };
		6419B1341C8CEBBF0060C3D9 /* UserRepositoryContract.swift in Sources */ = {isa = PBXBuildFile; fileRef = 6419B1331C8CEBBF0060C3D9 /* UserRepositoryContract.swift */; };
		644445E91C788A7900D6E2AA /* AppDelegate.swift in Sources */ = {isa = PBXBuildFile; fileRef = 644445E81C788A7900D6E2AA /* AppDelegate.swift */; };
		644445EB1C788A7900D6E2AA /* SearchViewController.swift in Sources */ = {isa = PBXBuildFile; fileRef = 644445EA1C788A7900D6E2AA /* SearchViewController.swift */; };
		644445EE1C788A7900D6E2AA /* Home.storyboard in Resources */ = {isa = PBXBuildFile; fileRef = 644445EC1C788A7900D6E2AA /* Home.storyboard */; };
		644445F11C788A7900D6E2AA /* My_Octocat.xcdatamodeld in Sources */ = {isa = PBXBuildFile; fileRef = 644445EF1C788A7900D6E2AA /* My_Octocat.xcdatamodeld */; };
		644445F31C788A7900D6E2AA /* Assets.xcassets in Resources */ = {isa = PBXBuildFile; fileRef = 644445F21C788A7900D6E2AA /* Assets.xcassets */; };
		644445F61C788A7900D6E2AA /* LaunchScreen.storyboard in Resources */ = {isa = PBXBuildFile; fileRef = 644445F41C788A7900D6E2AA /* LaunchScreen.storyboard */; };
		644446031C7898F200D6E2AA /* RepositoriesRepository.swift in Sources */ = {isa = PBXBuildFile; fileRef = 644446021C7898F200D6E2AA /* RepositoriesRepository.swift */; };
		644446051C78993500D6E2AA /* GitHubGateway.swift in Sources */ = {isa = PBXBuildFile; fileRef = 644446041C78993500D6E2AA /* GitHubGateway.swift */; };
		6495DDEC1C8792BE00DE9C0E /* ComputationalScheduler.swift in Sources */ = {isa = PBXBuildFile; fileRef = 6495DDEB1C8792BE00DE9C0E /* ComputationalScheduler.swift */; };
		649C3C101C8C781E00B253C2 /* LoginRepositoryContract.swift in Sources */ = {isa = PBXBuildFile; fileRef = 649C3C0F1C8C781E00B253C2 /* LoginRepositoryContract.swift */; };
		649C3C121C8C7C2200B253C2 /* User.swift in Sources */ = {isa = PBXBuildFile; fileRef = 649C3C111C8C7C2200B253C2 /* User.swift */; };
		64A183341C78C7AA00AA274A /* ErrorResponse.swift in Sources */ = {isa = PBXBuildFile; fileRef = 64A183331C78C7AA00AA274A /* ErrorResponse.swift */; };
		64A183361C78C7DE00AA274A /* RepositoriesResponse.swift in Sources */ = {isa = PBXBuildFile; fileRef = 64A183351C78C7DE00AA274A /* RepositoriesResponse.swift */; };
		64A183381C78C8B000AA274A /* ErrorInfoResponse.swift in Sources */ = {isa = PBXBuildFile; fileRef = 64A183371C78C8B000AA274A /* ErrorInfoResponse.swift */; };
		64A1833B1C78D3FB00AA274A /* NSDate.swift in Sources */ = {isa = PBXBuildFile; fileRef = 64A1833A1C78D3FB00AA274A /* NSDate.swift */; };
		64A1833E1C78D4FD00AA274A /* UserResponse.swift in Sources */ = {isa = PBXBuildFile; fileRef = 64A1833D1C78D4FD00AA274A /* UserResponse.swift */; };
		64A183411C79DD6700AA274A /* Repository.swift in Sources */ = {isa = PBXBuildFile; fileRef = 64A183401C79DD6700AA274A /* Repository.swift */; };
		64A183451C79DF7900AA274A /* SearchViewContract.swift in Sources */ = {isa = PBXBuildFile; fileRef = 64A183441C79DF7900AA274A /* SearchViewContract.swift */; };
		64A183471C79DF8500AA274A /* SearchPresenterContract.swift in Sources */ = {isa = PBXBuildFile; fileRef = 64A183461C79DF8500AA274A /* SearchPresenterContract.swift */; };
		64A183491C79DFB600AA274A /* SearchPresenter.swift in Sources */ = {isa = PBXBuildFile; fileRef = 64A183481C79DFB600AA274A /* SearchPresenter.swift */; };
		64A1834B1C79E00200AA274A /* Router.swift in Sources */ = {isa = PBXBuildFile; fileRef = 64A1834A1C79E00200AA274A /* Router.swift */; };
		64D081501C7BC8CD00F969DC /* artworks.sketch in Resources */ = {isa = PBXBuildFile; fileRef = 64D0814F1C7BC8CD00F969DC /* artworks.sketch */; };
		64D639721C879B3A000AA0CF /* Page.swift in Sources */ = {isa = PBXBuildFile; fileRef = 64D639711C879B3A000AA0CF /* Page.swift */; };
		64D639741C8B6C1C000AA0CF /* Account.storyboard in Resources */ = {isa = PBXBuildFile; fileRef = 64D639731C8B6C1C000AA0CF /* Account.storyboard */; };
		64D639761C8B6C2B000AA0CF /* Search.storyboard in Resources */ = {isa = PBXBuildFile; fileRef = 64D639751C8B6C2B000AA0CF /* Search.storyboard */; };
		64D639781C8B6C42000AA0CF /* Repositories.storyboard in Resources */ = {isa = PBXBuildFile; fileRef = 64D639771C8B6C42000AA0CF /* Repositories.storyboard */; };
		64D6397B1C8B709D000AA0CF /* ProfileViewController.swift in Sources */ = {isa = PBXBuildFile; fileRef = 64D6397A1C8B709D000AA0CF /* ProfileViewController.swift */; };
		64D6397E1C8B70D9000AA0CF /* LoginViewController.swift in Sources */ = {isa = PBXBuildFile; fileRef = 64D6397D1C8B70D9000AA0CF /* LoginViewController.swift */; };
		64D639811C8B7105000AA0CF /* EventsViewController.swift in Sources */ = {isa = PBXBuildFile; fileRef = 64D639801C8B7105000AA0CF /* EventsViewController.swift */; };
		64D639831C8B712D000AA0CF /* Events.storyboard in Resources */ = {isa = PBXBuildFile; fileRef = 64D639821C8B712D000AA0CF /* Events.storyboard */; };
		64D639861C8B7239000AA0CF /* EventsViewContract.swift in Sources */ = {isa = PBXBuildFile; fileRef = 64D639851C8B7239000AA0CF /* EventsViewContract.swift */; };
		64D639881C8B724E000AA0CF /* EventsPresenterContract.swift in Sources */ = {isa = PBXBuildFile; fileRef = 64D639871C8B724E000AA0CF /* EventsPresenterContract.swift */; };
		64D6398A1C8B7268000AA0CF /* EventsPresenter.swift in Sources */ = {isa = PBXBuildFile; fileRef = 64D639891C8B7268000AA0CF /* EventsPresenter.swift */; };
		64D6398D1C8B72EB000AA0CF /* LoginViewContract.swift in Sources */ = {isa = PBXBuildFile; fileRef = 64D6398C1C8B72EB000AA0CF /* LoginViewContract.swift */; };
		64D6398F1C8B72FD000AA0CF /* LoginPresenterContract.swift in Sources */ = {isa = PBXBuildFile; fileRef = 64D6398E1C8B72FD000AA0CF /* LoginPresenterContract.swift */; };
		64D639911C8B731B000AA0CF /* LoginPresenter.swift in Sources */ = {isa = PBXBuildFile; fileRef = 64D639901C8B731B000AA0CF /* LoginPresenter.swift */; };
		64D639941C8B7370000AA0CF /* ProfileViewContract.swift in Sources */ = {isa = PBXBuildFile; fileRef = 64D639931C8B7370000AA0CF /* ProfileViewContract.swift */; };
		64D639961C8B737F000AA0CF /* ProfilePresenterContract.swift in Sources */ = {isa = PBXBuildFile; fileRef = 64D639951C8B737F000AA0CF /* ProfilePresenterContract.swift */; };
		64D639981C8B73BD000AA0CF /* ProfilePresenter.swift in Sources */ = {isa = PBXBuildFile; fileRef = 64D639971C8B73BD000AA0CF /* ProfilePresenter.swift */; };
		64D6399A1C8B7411000AA0CF /* UserRepository.swift in Sources */ = {isa = PBXBuildFile; fileRef = 64D639991C8B7411000AA0CF /* UserRepository.swift */; };
		9C34BDC9417659B1DB6D4B68 /* Pods_My_Octocat.framework in Frameworks */ = {isa = PBXBuildFile; fileRef = 56737C8F6E646BC35E356E0A /* Pods_My_Octocat.framework */; };
		A33FE85D1C90159000C7F573 /* Authtorization.swift in Sources */ = {isa = PBXBuildFile; fileRef = A33FE85C1C90159000C7F573 /* Authtorization.swift */; };
		A33FE85F1C90173000C7F573 /* Profile.swift in Sources */ = {isa = PBXBuildFile; fileRef = A33FE85E1C90173000C7F573 /* Profile.swift */; };
/* End PBXBuildFile section */

/* Begin PBXFileReference section */
		0805074A63EB54AEDED6C5D1 /* Pods-My Octocat.debug.xcconfig */ = {isa = PBXFileReference; includeInIndex = 1; lastKnownFileType = text.xcconfig; name = "Pods-My Octocat.debug.xcconfig"; path = "Pods/Target Support Files/Pods-My Octocat/Pods-My Octocat.debug.xcconfig"; sourceTree = "<group>"; };
		56737C8F6E646BC35E356E0A /* Pods_My_Octocat.framework */ = {isa = PBXFileReference; explicitFileType = wrapper.framework; includeInIndex = 0; path = Pods_My_Octocat.framework; sourceTree = BUILT_PRODUCTS_DIR; };
		64087EF41C7A6A3B0070D249 /* Error.swift */ = {isa = PBXFileReference; fileEncoding = 4; lastKnownFileType = sourcecode.swift; path = Error.swift; sourceTree = "<group>"; };
		64087EF61C7A6C6E0070D249 /* ErrorAlert.swift */ = {isa = PBXFileReference; fileEncoding = 4; lastKnownFileType = sourcecode.swift; path = ErrorAlert.swift; sourceTree = "<group>"; };
		64087EF81C7A6E740070D249 /* RepositoryCell.swift */ = {isa = PBXFileReference; fileEncoding = 4; lastKnownFileType = sourcecode.swift; path = RepositoryCell.swift; sourceTree = "<group>"; };
		6419B1271C8CE1DC0060C3D9 /* Events.swift */ = {isa = PBXFileReference; fileEncoding = 4; lastKnownFileType = sourcecode.swift; path = Events.swift; sourceTree = "<group>"; };
		6419B1291C8CE25F0060C3D9 /* ProfileNavigatorController.swift */ = {isa = PBXFileReference; fileEncoding = 4; lastKnownFileType = sourcecode.swift; path = ProfileNavigatorController.swift; sourceTree = "<group>"; };
		6419B12C1C8CE6D00060C3D9 /* ProfileNavigatorViewContract.swift */ = {isa = PBXFileReference; fileEncoding = 4; lastKnownFileType = sourcecode.swift; path = ProfileNavigatorViewContract.swift; sourceTree = "<group>"; };
		6419B12E1C8CE6E60060C3D9 /* ProfileNavigatorPresenterContract.swift */ = {isa = PBXFileReference; fileEncoding = 4; lastKnownFileType = sourcecode.swift; path = ProfileNavigatorPresenterContract.swift; sourceTree = "<group>"; };
		6419B1301C8CE8560060C3D9 /* ProfileNavigatorPresenter.swift */ = {isa = PBXFileReference; fileEncoding = 4; lastKnownFileType = sourcecode.swift; path = ProfileNavigatorPresenter.swift; sourceTree = "<group>"; };
		6419B1331C8CEBBF0060C3D9 /* UserRepositoryContract.swift */ = {isa = PBXFileReference; fileEncoding = 4; lastKnownFileType = sourcecode.swift; path = UserRepositoryContract.swift; sourceTree = "<group>"; };
		644445E51C788A7900D6E2AA /* My Octocat.app */ = {isa = PBXFileReference; explicitFileType = wrapper.application; includeInIndex = 0; path = "My Octocat.app"; sourceTree = BUILT_PRODUCTS_DIR; };
		644445E81C788A7900D6E2AA /* AppDelegate.swift */ = {isa = PBXFileReference; lastKnownFileType = sourcecode.swift; path = AppDelegate.swift; sourceTree = "<group>"; };
		644445EA1C788A7900D6E2AA /* SearchViewController.swift */ = {isa = PBXFileReference; lastKnownFileType = sourcecode.swift; path = SearchViewController.swift; sourceTree = "<group>"; };
		644445ED1C788A7900D6E2AA /* Base */ = {isa = PBXFileReference; lastKnownFileType = file.storyboard; name = Base; path = Base.lproj/Home.storyboard; sourceTree = "<group>"; };
		644445F01C788A7900D6E2AA /* My_Octocat.xcdatamodel */ = {isa = PBXFileReference; lastKnownFileType = wrapper.xcdatamodel; path = My_Octocat.xcdatamodel; sourceTree = "<group>"; };
		644445F21C788A7900D6E2AA /* Assets.xcassets */ = {isa = PBXFileReference; lastKnownFileType = folder.assetcatalog; name = Assets.xcassets; path = "My Octocat/Assets.xcassets"; sourceTree = "<group>"; };
		644445F51C788A7900D6E2AA /* Base */ = {isa = PBXFileReference; lastKnownFileType = file.storyboard; name = Base; path = Base.lproj/LaunchScreen.storyboard; sourceTree = "<group>"; };
		644445F71C788A7900D6E2AA /* Info.plist */ = {isa = PBXFileReference; lastKnownFileType = text.plist.xml; name = Info.plist; path = "My Octocat/Info.plist"; sourceTree = "<group>"; };
		644446021C7898F200D6E2AA /* RepositoriesRepository.swift */ = {isa = PBXFileReference; fileEncoding = 4; lastKnownFileType = sourcecode.swift; path = RepositoriesRepository.swift; sourceTree = "<group>"; };
		644446041C78993500D6E2AA /* GitHubGateway.swift */ = {isa = PBXFileReference; fileEncoding = 4; lastKnownFileType = sourcecode.swift; path = GitHubGateway.swift; sourceTree = "<group>"; };
		6495DDEB1C8792BE00DE9C0E /* ComputationalScheduler.swift */ = {isa = PBXFileReference; fileEncoding = 4; lastKnownFileType = sourcecode.swift; path = ComputationalScheduler.swift; sourceTree = "<group>"; };
		649C3C0F1C8C781E00B253C2 /* LoginRepositoryContract.swift */ = {isa = PBXFileReference; fileEncoding = 4; lastKnownFileType = sourcecode.swift; path = LoginRepositoryContract.swift; sourceTree = "<group>"; };
		649C3C111C8C7C2200B253C2 /* User.swift */ = {isa = PBXFileReference; fileEncoding = 4; lastKnownFileType = sourcecode.swift; path = User.swift; sourceTree = "<group>"; };
		64A183331C78C7AA00AA274A /* ErrorResponse.swift */ = {isa = PBXFileReference; fileEncoding = 4; lastKnownFileType = sourcecode.swift; path = ErrorResponse.swift; sourceTree = "<group>"; };
		64A183351C78C7DE00AA274A /* RepositoriesResponse.swift */ = {isa = PBXFileReference; fileEncoding = 4; lastKnownFileType = sourcecode.swift; path = RepositoriesResponse.swift; sourceTree = "<group>"; };
		64A183371C78C8B000AA274A /* ErrorInfoResponse.swift */ = {isa = PBXFileReference; fileEncoding = 4; lastKnownFileType = sourcecode.swift; path = ErrorInfoResponse.swift; sourceTree = "<group>"; };
		64A1833A1C78D3FB00AA274A /* NSDate.swift */ = {isa = PBXFileReference; fileEncoding = 4; lastKnownFileType = sourcecode.swift; path = NSDate.swift; sourceTree = "<group>"; };
		64A1833D1C78D4FD00AA274A /* UserResponse.swift */ = {isa = PBXFileReference; fileEncoding = 4; lastKnownFileType = sourcecode.swift; path = UserResponse.swift; sourceTree = "<group>"; };
		64A183401C79DD6700AA274A /* Repository.swift */ = {isa = PBXFileReference; fileEncoding = 4; lastKnownFileType = sourcecode.swift; path = Repository.swift; sourceTree = "<group>"; };
		64A183441C79DF7900AA274A /* SearchViewContract.swift */ = {isa = PBXFileReference; fileEncoding = 4; lastKnownFileType = sourcecode.swift; path = SearchViewContract.swift; sourceTree = "<group>"; };
		64A183461C79DF8500AA274A /* SearchPresenterContract.swift */ = {isa = PBXFileReference; fileEncoding = 4; lastKnownFileType = sourcecode.swift; path = SearchPresenterContract.swift; sourceTree = "<group>"; };
		64A183481C79DFB600AA274A /* SearchPresenter.swift */ = {isa = PBXFileReference; fileEncoding = 4; lastKnownFileType = sourcecode.swift; path = SearchPresenter.swift; sourceTree = "<group>"; };
		64A1834A1C79E00200AA274A /* Router.swift */ = {isa = PBXFileReference; fileEncoding = 4; lastKnownFileType = sourcecode.swift; path = Router.swift; sourceTree = "<group>"; };
		64D0814F1C7BC8CD00F969DC /* artworks.sketch */ = {isa = PBXFileReference; lastKnownFileType = file; name = artworks.sketch; path = Arts/artworks.sketch; sourceTree = "<group>"; };
		64D639711C879B3A000AA0CF /* Page.swift */ = {isa = PBXFileReference; fileEncoding = 4; lastKnownFileType = sourcecode.swift; path = Page.swift; sourceTree = "<group>"; };
		64D639731C8B6C1C000AA0CF /* Account.storyboard */ = {isa = PBXFileReference; fileEncoding = 4; lastKnownFileType = file.storyboard; path = Account.storyboard; sourceTree = "<group>"; };
		64D639751C8B6C2B000AA0CF /* Search.storyboard */ = {isa = PBXFileReference; fileEncoding = 4; lastKnownFileType = file.storyboard; path = Search.storyboard; sourceTree = "<group>"; };
		64D639771C8B6C42000AA0CF /* Repositories.storyboard */ = {isa = PBXFileReference; fileEncoding = 4; lastKnownFileType = file.storyboard; path = Repositories.storyboard; sourceTree = "<group>"; };
		64D6397A1C8B709D000AA0CF /* ProfileViewController.swift */ = {isa = PBXFileReference; fileEncoding = 4; lastKnownFileType = sourcecode.swift; path = ProfileViewController.swift; sourceTree = "<group>"; };
		64D6397D1C8B70D9000AA0CF /* LoginViewController.swift */ = {isa = PBXFileReference; fileEncoding = 4; lastKnownFileType = sourcecode.swift; path = LoginViewController.swift; sourceTree = "<group>"; };
		64D639801C8B7105000AA0CF /* EventsViewController.swift */ = {isa = PBXFileReference; fileEncoding = 4; lastKnownFileType = sourcecode.swift; path = EventsViewController.swift; sourceTree = "<group>"; };
		64D639821C8B712D000AA0CF /* Events.storyboard */ = {isa = PBXFileReference; fileEncoding = 4; lastKnownFileType = file.storyboard; path = Events.storyboard; sourceTree = "<group>"; };
		64D639851C8B7239000AA0CF /* EventsViewContract.swift */ = {isa = PBXFileReference; fileEncoding = 4; lastKnownFileType = sourcecode.swift; path = EventsViewContract.swift; sourceTree = "<group>"; };
		64D639871C8B724E000AA0CF /* EventsPresenterContract.swift */ = {isa = PBXFileReference; fileEncoding = 4; lastKnownFileType = sourcecode.swift; path = EventsPresenterContract.swift; sourceTree = "<group>"; };
		64D639891C8B7268000AA0CF /* EventsPresenter.swift */ = {isa = PBXFileReference; fileEncoding = 4; lastKnownFileType = sourcecode.swift; path = EventsPresenter.swift; sourceTree = "<group>"; };
		64D6398C1C8B72EB000AA0CF /* LoginViewContract.swift */ = {isa = PBXFileReference; fileEncoding = 4; lastKnownFileType = sourcecode.swift; path = LoginViewContract.swift; sourceTree = "<group>"; };
		64D6398E1C8B72FD000AA0CF /* LoginPresenterContract.swift */ = {isa = PBXFileReference; fileEncoding = 4; lastKnownFileType = sourcecode.swift; path = LoginPresenterContract.swift; sourceTree = "<group>"; };
		64D639901C8B731B000AA0CF /* LoginPresenter.swift */ = {isa = PBXFileReference; fileEncoding = 4; lastKnownFileType = sourcecode.swift; path = LoginPresenter.swift; sourceTree = "<group>"; };
		64D639931C8B7370000AA0CF /* ProfileViewContract.swift */ = {isa = PBXFileReference; fileEncoding = 4; lastKnownFileType = sourcecode.swift; path = ProfileViewContract.swift; sourceTree = "<group>"; };
		64D639951C8B737F000AA0CF /* ProfilePresenterContract.swift */ = {isa = PBXFileReference; fileEncoding = 4; lastKnownFileType = sourcecode.swift; path = ProfilePresenterContract.swift; sourceTree = "<group>"; };
		64D639971C8B73BD000AA0CF /* ProfilePresenter.swift */ = {isa = PBXFileReference; fileEncoding = 4; lastKnownFileType = sourcecode.swift; path = ProfilePresenter.swift; sourceTree = "<group>"; };
		64D639991C8B7411000AA0CF /* UserRepository.swift */ = {isa = PBXFileReference; fileEncoding = 4; lastKnownFileType = sourcecode.swift; path = UserRepository.swift; sourceTree = "<group>"; };
		A33FE85C1C90159000C7F573 /* Authtorization.swift */ = {isa = PBXFileReference; fileEncoding = 4; lastKnownFileType = sourcecode.swift; path = Authtorization.swift; sourceTree = "<group>"; };
		A33FE85E1C90173000C7F573 /* Profile.swift */ = {isa = PBXFileReference; fileEncoding = 4; lastKnownFileType = sourcecode.swift; path = Profile.swift; sourceTree = "<group>"; };
		E7CFB5A1660D1EB6154C81C9 /* Pods-My Octocat.release.xcconfig */ = {isa = PBXFileReference; includeInIndex = 1; lastKnownFileType = text.xcconfig; name = "Pods-My Octocat.release.xcconfig"; path = "Pods/Target Support Files/Pods-My Octocat/Pods-My Octocat.release.xcconfig"; sourceTree = "<group>"; };
/* End PBXFileReference section */

/* Begin PBXFrameworksBuildPhase section */
		644445E21C788A7900D6E2AA /* Frameworks */ = {
			isa = PBXFrameworksBuildPhase;
			buildActionMask = 2147483647;
			files = (
				9C34BDC9417659B1DB6D4B68 /* Pods_My_Octocat.framework in Frameworks */,
			);
			runOnlyForDeploymentPostprocessing = 0;
		};
/* End PBXFrameworksBuildPhase section */

/* Begin PBXGroup section */
		6419B12B1C8CE6AF0060C3D9 /* Contract */ = {
			isa = PBXGroup;
			children = (
				6419B12C1C8CE6D00060C3D9 /* ProfileNavigatorViewContract.swift */,
				6419B12E1C8CE6E60060C3D9 /* ProfileNavigatorPresenterContract.swift */,
			);
			name = Contract;
			sourceTree = "<group>";
		};
		6419B1321C8CEBB20060C3D9 /* User */ = {
			isa = PBXGroup;
			children = (
				64D639991C8B7411000AA0CF /* UserRepository.swift */,
				6419B1331C8CEBBF0060C3D9 /* UserRepositoryContract.swift */,
			);
			name = User;
			sourceTree = "<group>";
		};
		6419B1351C8CEC6E0060C3D9 /* Repositories */ = {
			isa = PBXGroup;
			children = (
				644446021C7898F200D6E2AA /* RepositoriesRepository.swift */,
			);
			name = Repositories;
			sourceTree = "<group>";
		};
		6419B1361C8CEC870060C3D9 /* Profile navigator */ = {
			isa = PBXGroup;
			children = (
				6419B12B1C8CE6AF0060C3D9 /* Contract */,
				6419B1291C8CE25F0060C3D9 /* ProfileNavigatorController.swift */,
				6419B1301C8CE8560060C3D9 /* ProfileNavigatorPresenter.swift */,
			);
			name = "Profile navigator";
			sourceTree = "<group>";
		};
		642B48FF1C78C76300CEA4A8 /* Responses */ = {
			isa = PBXGroup;
			children = (
				64A183331C78C7AA00AA274A /* ErrorResponse.swift */,
				64A183351C78C7DE00AA274A /* RepositoriesResponse.swift */,
				64A183371C78C8B000AA274A /* ErrorInfoResponse.swift */,
				64A1833D1C78D4FD00AA274A /* UserResponse.swift */,
			);
			name = Responses;
			sourceTree = "<group>";
		};
		644445DC1C788A7800D6E2AA = {
			isa = PBXGroup;
			children = (
				64D081511C7BC8D200F969DC /* Arts */,
				644445E61C788A7900D6E2AA /* Products */,
				644445E71C788A7900D6E2AA /* Source */,
				644446111C78B63300D6E2AA /* Storyboards */,
				6495DDEA1C8783AC00DE9C0E /* Supporting files */,
				C9C4F105CA76D0A677DAD7D5 /* Pods */,
				91B30306A3B6809020C3D6A3 /* Frameworks */,
			);
			sourceTree = "<group>";
		};
		644445E61C788A7900D6E2AA /* Products */ = {
			isa = PBXGroup;
			children = (
				644445E51C788A7900D6E2AA /* My Octocat.app */,
			);
			name = Products;
			sourceTree = "<group>";
		};
		644445E71C788A7900D6E2AA /* Source */ = {
			isa = PBXGroup;
			children = (
				64A1833F1C79DD5700AA274A /* Entities */,
				644445FD1C7898BB00D6E2AA /* Model */,
				644445FE1C7898C200D6E2AA /* UI */,
				64A183391C78D3A100AA274A /* Utils */,
				644445E81C788A7900D6E2AA /* AppDelegate.swift */,
				64A1834A1C79E00200AA274A /* Router.swift */,
			);
			name = Source;
			path = "My Octocat";
			sourceTree = "<group>";
		};
		644445FD1C7898BB00D6E2AA /* Model */ = {
			isa = PBXGroup;
			children = (
				644842C31C7CFAC0003B30CC /* Gateways */,
				644446011C7898DD00D6E2AA /* Repositories */,
			);
			name = Model;
			sourceTree = "<group>";
		};
		644445FE1C7898C200D6E2AA /* UI */ = {
			isa = PBXGroup;
			children = (
				64F086311C8CDB9B004FB0AD /* Home */,
				64D6397F1C8B70F6000AA0CF /* Events */,
				64D6397C1C8B70C7000AA0CF /* Login */,
				64D639791C8B7091000AA0CF /* Profile */,
				64A183421C79DF4B00AA274A /* Search */,
				64087EF61C7A6C6E0070D249 /* ErrorAlert.swift */,
			);
			name = UI;
			sourceTree = "<group>";
		};
		644446001C7898D500D6E2AA /* GitHub */ = {
			isa = PBXGroup;
			children = (
				642B48FF1C78C76300CEA4A8 /* Responses */,
				644446041C78993500D6E2AA /* GitHubGateway.swift */,
			);
			name = GitHub;
			sourceTree = "<group>";
		};
		644446011C7898DD00D6E2AA /* Repositories */ = {
			isa = PBXGroup;
			children = (
				6419B1351C8CEC6E0060C3D9 /* Repositories */,
				6419B1321C8CEBB20060C3D9 /* User */,
			);
			name = Repositories;
			sourceTree = "<group>";
		};
		644446111C78B63300D6E2AA /* Storyboards */ = {
			isa = PBXGroup;
			children = (
				644445EC1C788A7900D6E2AA /* Home.storyboard */,
				644445F41C788A7900D6E2AA /* LaunchScreen.storyboard */,
				64D639731C8B6C1C000AA0CF /* Account.storyboard */,
				64D639751C8B6C2B000AA0CF /* Search.storyboard */,
				64D639771C8B6C42000AA0CF /* Repositories.storyboard */,
				64D639821C8B712D000AA0CF /* Events.storyboard */,
			);
			name = Storyboards;
			path = "My Octocat";
			sourceTree = "<group>";
		};
		644842C31C7CFAC0003B30CC /* Gateways */ = {
			isa = PBXGroup;
			children = (
				644446001C7898D500D6E2AA /* GitHub */,
			);
			name = Gateways;
			sourceTree = "<group>";
		};
		6495DDEA1C8783AC00DE9C0E /* Supporting files */ = {
			isa = PBXGroup;
			children = (
				644445F21C788A7900D6E2AA /* Assets.xcassets */,
				644445F71C788A7900D6E2AA /* Info.plist */,
				644445EF1C788A7900D6E2AA /* My_Octocat.xcdatamodeld */,
			);
			name = "Supporting files";
			sourceTree = "<group>";
		};
		64A183391C78D3A100AA274A /* Utils */ = {
			isa = PBXGroup;
			children = (
				64A1833C1C78D40200AA274A /* Extensions */,
				6495DDEB1C8792BE00DE9C0E /* ComputationalScheduler.swift */,
				6419B1271C8CE1DC0060C3D9 /* Events.swift */,
			);
			name = Utils;
			sourceTree = "<group>";
		};
		64A1833C1C78D40200AA274A /* Extensions */ = {
			isa = PBXGroup;
			children = (
				64A1833A1C78D3FB00AA274A /* NSDate.swift */,
			);
			name = Extensions;
			sourceTree = "<group>";
		};
		64A1833F1C79DD5700AA274A /* Entities */ = {
			isa = PBXGroup;
			children = (
				64A183401C79DD6700AA274A /* Repository.swift */,
				64087EF41C7A6A3B0070D249 /* Error.swift */,
				64D639711C879B3A000AA0CF /* Page.swift */,
				649C3C111C8C7C2200B253C2 /* User.swift */,
				A33FE85C1C90159000C7F573 /* Authtorization.swift */,
				A33FE85E1C90173000C7F573 /* Profile.swift */,
			);
			name = Entities;
			sourceTree = "<group>";
		};
		64A183421C79DF4B00AA274A /* Search */ = {
			isa = PBXGroup;
			children = (
				64A183431C79DF5A00AA274A /* Contract */,
				644445EA1C788A7900D6E2AA /* SearchViewController.swift */,
				64A183481C79DFB600AA274A /* SearchPresenter.swift */,
				64087EF81C7A6E740070D249 /* RepositoryCell.swift */,
			);
			name = Search;
			sourceTree = "<group>";
		};
		64A183431C79DF5A00AA274A /* Contract */ = {
			isa = PBXGroup;
			children = (
				64A183441C79DF7900AA274A /* SearchViewContract.swift */,
				64A183461C79DF8500AA274A /* SearchPresenterContract.swift */,
			);
			name = Contract;
			sourceTree = "<group>";
		};
		64D081511C7BC8D200F969DC /* Arts */ = {
			isa = PBXGroup;
			children = (
				64D0814F1C7BC8CD00F969DC /* artworks.sketch */,
			);
			name = Arts;
			sourceTree = "<group>";
		};
		64D639791C8B7091000AA0CF /* Profile */ = {
			isa = PBXGroup;
			children = (
				64D639921C8B735F000AA0CF /* Contracts */,
				64D6397A1C8B709D000AA0CF /* ProfileViewController.swift */,
				64D639971C8B73BD000AA0CF /* ProfilePresenter.swift */,
			);
			name = Profile;
			sourceTree = "<group>";
		};
		64D6397C1C8B70C7000AA0CF /* Login */ = {
			isa = PBXGroup;
			children = (
				64D6398B1C8B72D8000AA0CF /* Contracts */,
				64D6397D1C8B70D9000AA0CF /* LoginViewController.swift */,
				64D639901C8B731B000AA0CF /* LoginPresenter.swift */,
			);
			name = Login;
			sourceTree = "<group>";
		};
		64D6397F1C8B70F6000AA0CF /* Events */ = {
			isa = PBXGroup;
			children = (
				64D639841C8B7227000AA0CF /* Contracts */,
				64D639801C8B7105000AA0CF /* EventsViewController.swift */,
				64D639891C8B7268000AA0CF /* EventsPresenter.swift */,
			);
			name = Events;
			sourceTree = "<group>";
		};
		64D639841C8B7227000AA0CF /* Contracts */ = {
			isa = PBXGroup;
			children = (
				64D639851C8B7239000AA0CF /* EventsViewContract.swift */,
				64D639871C8B724E000AA0CF /* EventsPresenterContract.swift */,
			);
			name = Contracts;
			sourceTree = "<group>";
		};
		64D6398B1C8B72D8000AA0CF /* Contracts */ = {
			isa = PBXGroup;
			children = (
				64D6398C1C8B72EB000AA0CF /* LoginViewContract.swift */,
				64D6398E1C8B72FD000AA0CF /* LoginPresenterContract.swift */,
				649C3C0F1C8C781E00B253C2 /* LoginRepositoryContract.swift */,
			);
			name = Contracts;
			sourceTree = "<group>";
		};
		64D639921C8B735F000AA0CF /* Contracts */ = {
			isa = PBXGroup;
			children = (
				64D639931C8B7370000AA0CF /* ProfileViewContract.swift */,
				64D639951C8B737F000AA0CF /* ProfilePresenterContract.swift */,
			);
			name = Contracts;
			sourceTree = "<group>";
		};
		64F086311C8CDB9B004FB0AD /* Home */ = {
			isa = PBXGroup;
			children = (
				6419B1361C8CEC870060C3D9 /* Profile navigator */,
			);
			name = Home;
			sourceTree = "<group>";
		};
		91B30306A3B6809020C3D6A3 /* Frameworks */ = {
			isa = PBXGroup;
			children = (
				56737C8F6E646BC35E356E0A /* Pods_My_Octocat.framework */,
			);
			name = Frameworks;
			sourceTree = "<group>";
		};
		C9C4F105CA76D0A677DAD7D5 /* Pods */ = {
			isa = PBXGroup;
			children = (
				0805074A63EB54AEDED6C5D1 /* Pods-My Octocat.debug.xcconfig */,
				E7CFB5A1660D1EB6154C81C9 /* Pods-My Octocat.release.xcconfig */,
			);
			name = Pods;
			sourceTree = "<group>";
		};
/* End PBXGroup section */

/* Begin PBXNativeTarget section */
		644445E41C788A7900D6E2AA /* My Octocat */ = {
			isa = PBXNativeTarget;
			buildConfigurationList = 644445FA1C788A7900D6E2AA /* Build configuration list for PBXNativeTarget "My Octocat" */;
			buildPhases = (
				FE431B37D5FACCC64166B9DD /* Check Pods Manifest.lock */,
				644445E11C788A7900D6E2AA /* Sources */,
				644445E21C788A7900D6E2AA /* Frameworks */,
				644445E31C788A7900D6E2AA /* Resources */,
				5B24BEDC44EE1A0C6DF29C07 /* Embed Pods Frameworks */,
				9E6BA3B87E05C6F8809022FD /* Copy Pods Resources */,
			);
			buildRules = (
			);
			dependencies = (
			);
			name = "My Octocat";
			productName = "My Octocat";
			productReference = 644445E51C788A7900D6E2AA /* My Octocat.app */;
			productType = "com.apple.product-type.application";
		};
/* End PBXNativeTarget section */

/* Begin PBXProject section */
		644445DD1C788A7800D6E2AA /* Project object */ = {
			isa = PBXProject;
			attributes = {
				LastSwiftUpdateCheck = 0720;
				LastUpgradeCheck = 0720;
				ORGANIZATIONNAME = "Daniele Vitali";
				TargetAttributes = {
					644445E41C788A7900D6E2AA = {
						CreatedOnToolsVersion = 7.2.1;
						DevelopmentTeam = ZY92M8YX79;
					};
				};
			};
			buildConfigurationList = 644445E01C788A7800D6E2AA /* Build configuration list for PBXProject "My Octocat" */;
			compatibilityVersion = "Xcode 3.2";
			developmentRegion = English;
			hasScannedForEncodings = 0;
			knownRegions = (
				en,
				Base,
			);
			mainGroup = 644445DC1C788A7800D6E2AA;
			productRefGroup = 644445E61C788A7900D6E2AA /* Products */;
			projectDirPath = "";
			projectRoot = "";
			targets = (
				644445E41C788A7900D6E2AA /* My Octocat */,
			);
		};
/* End PBXProject section */

/* Begin PBXResourcesBuildPhase section */
		644445E31C788A7900D6E2AA /* Resources */ = {
			isa = PBXResourcesBuildPhase;
			buildActionMask = 2147483647;
			files = (
				64D081501C7BC8CD00F969DC /* artworks.sketch in Resources */,
				644445F61C788A7900D6E2AA /* LaunchScreen.storyboard in Resources */,
				64D639781C8B6C42000AA0CF /* Repositories.storyboard in Resources */,
				644445F31C788A7900D6E2AA /* Assets.xcassets in Resources */,
				644445EE1C788A7900D6E2AA /* Home.storyboard in Resources */,
				64D639831C8B712D000AA0CF /* Events.storyboard in Resources */,
				64D639761C8B6C2B000AA0CF /* Search.storyboard in Resources */,
				64D639741C8B6C1C000AA0CF /* Account.storyboard in Resources */,
			);
			runOnlyForDeploymentPostprocessing = 0;
		};
/* End PBXResourcesBuildPhase section */

/* Begin PBXShellScriptBuildPhase section */
		5B24BEDC44EE1A0C6DF29C07 /* Embed Pods Frameworks */ = {
			isa = PBXShellScriptBuildPhase;
			buildActionMask = 2147483647;
			files = (
			);
			inputPaths = (
			);
			name = "Embed Pods Frameworks";
			outputPaths = (
			);
			runOnlyForDeploymentPostprocessing = 0;
			shellPath = /bin/sh;
			shellScript = "\"${SRCROOT}/Pods/Target Support Files/Pods-My Octocat/Pods-My Octocat-frameworks.sh\"\n";
			showEnvVarsInLog = 0;
		};
		9E6BA3B87E05C6F8809022FD /* Copy Pods Resources */ = {
			isa = PBXShellScriptBuildPhase;
			buildActionMask = 2147483647;
			files = (
			);
			inputPaths = (
			);
			name = "Copy Pods Resources";
			outputPaths = (
			);
			runOnlyForDeploymentPostprocessing = 0;
			shellPath = /bin/sh;
			shellScript = "\"${SRCROOT}/Pods/Target Support Files/Pods-My Octocat/Pods-My Octocat-resources.sh\"\n";
			showEnvVarsInLog = 0;
		};
		FE431B37D5FACCC64166B9DD /* Check Pods Manifest.lock */ = {
			isa = PBXShellScriptBuildPhase;
			buildActionMask = 2147483647;
			files = (
			);
			inputPaths = (
			);
			name = "Check Pods Manifest.lock";
			outputPaths = (
			);
			runOnlyForDeploymentPostprocessing = 0;
			shellPath = /bin/sh;
			shellScript = "diff \"${PODS_ROOT}/../Podfile.lock\" \"${PODS_ROOT}/Manifest.lock\" > /dev/null\nif [[ $? != 0 ]] ; then\n    cat << EOM\nerror: The sandbox is not in sync with the Podfile.lock. Run 'pod install' or update your CocoaPods installation.\nEOM\n    exit 1\nfi\n";
			showEnvVarsInLog = 0;
		};
/* End PBXShellScriptBuildPhase section */

/* Begin PBXSourcesBuildPhase section */
		644445E11C788A7900D6E2AA /* Sources */ = {
			isa = PBXSourcesBuildPhase;
			buildActionMask = 2147483647;
			files = (
				64A183451C79DF7900AA274A /* SearchViewContract.swift in Sources */,
				64D639911C8B731B000AA0CF /* LoginPresenter.swift in Sources */,
				64D639861C8B7239000AA0CF /* EventsViewContract.swift in Sources */,
				A33FE85D1C90159000C7F573 /* Authtorization.swift in Sources */,
				64D6398F1C8B72FD000AA0CF /* LoginPresenterContract.swift in Sources */,
				644445EB1C788A7900D6E2AA /* SearchViewController.swift in Sources */,
				6419B12D1C8CE6D00060C3D9 /* ProfileNavigatorViewContract.swift in Sources */,
				64A183491C79DFB600AA274A /* SearchPresenter.swift in Sources */,
				644445F11C788A7900D6E2AA /* My_Octocat.xcdatamodeld in Sources */,
				64D6398A1C8B7268000AA0CF /* EventsPresenter.swift in Sources */,
				644446051C78993500D6E2AA /* GitHubGateway.swift in Sources */,
				64D639961C8B737F000AA0CF /* ProfilePresenterContract.swift in Sources */,
				644445E91C788A7900D6E2AA /* AppDelegate.swift in Sources */,
				64D6399A1C8B7411000AA0CF /* UserRepository.swift in Sources */,
				64D6397E1C8B70D9000AA0CF /* LoginViewController.swift in Sources */,
				649C3C121C8C7C2200B253C2 /* User.swift in Sources */,
				6419B1341C8CEBBF0060C3D9 /* UserRepositoryContract.swift in Sources */,
				64A1833B1C78D3FB00AA274A /* NSDate.swift in Sources */,
				64A183361C78C7DE00AA274A /* RepositoriesResponse.swift in Sources */,
				64A1834B1C79E00200AA274A /* Router.swift in Sources */,
				6419B12F1C8CE6E60060C3D9 /* ProfileNavigatorPresenterContract.swift in Sources */,
				64D639811C8B7105000AA0CF /* EventsViewController.swift in Sources */,
				64087EF51C7A6A3B0070D249 /* Error.swift in Sources */,
				A33FE85F1C90173000C7F573 /* Profile.swift in Sources */,
				64D639941C8B7370000AA0CF /* ProfileViewContract.swift in Sources */,
				64D639721C879B3A000AA0CF /* Page.swift in Sources */,
				6419B1311C8CE8560060C3D9 /* ProfileNavigatorPresenter.swift in Sources */,
				6419B12A1C8CE25F0060C3D9 /* ProfileNavigatorController.swift in Sources */,
				64087EF91C7A6E740070D249 /* RepositoryCell.swift in Sources */,
				649C3C101C8C781E00B253C2 /* LoginRepositoryContract.swift in Sources */,
				64D6398D1C8B72EB000AA0CF /* LoginViewContract.swift in Sources */,
				64A183471C79DF8500AA274A /* SearchPresenterContract.swift in Sources */,
				6495DDEC1C8792BE00DE9C0E /* ComputationalScheduler.swift in Sources */,
				644446031C7898F200D6E2AA /* RepositoriesRepository.swift in Sources */,
				64087EF71C7A6C6E0070D249 /* ErrorAlert.swift in Sources */,
				64D639881C8B724E000AA0CF /* EventsPresenterContract.swift in Sources */,
				64D639981C8B73BD000AA0CF /* ProfilePresenter.swift in Sources */,
				64A183381C78C8B000AA274A /* ErrorInfoResponse.swift in Sources */,
				64A183341C78C7AA00AA274A /* ErrorResponse.swift in Sources */,
				6419B1281C8CE1DC0060C3D9 /* Events.swift in Sources */,
				64D6397B1C8B709D000AA0CF /* ProfileViewController.swift in Sources */,
				64A1833E1C78D4FD00AA274A /* UserResponse.swift in Sources */,
				64A183411C79DD6700AA274A /* Repository.swift in Sources */,
			);
			runOnlyForDeploymentPostprocessing = 0;
		};
/* End PBXSourcesBuildPhase section */

/* Begin PBXVariantGroup section */
		644445EC1C788A7900D6E2AA /* Home.storyboard */ = {
			isa = PBXVariantGroup;
			children = (
				644445ED1C788A7900D6E2AA /* Base */,
			);
			name = Home.storyboard;
			sourceTree = "<group>";
		};
		644445F41C788A7900D6E2AA /* LaunchScreen.storyboard */ = {
			isa = PBXVariantGroup;
			children = (
				644445F51C788A7900D6E2AA /* Base */,
			);
			name = LaunchScreen.storyboard;
			sourceTree = "<group>";
		};
/* End PBXVariantGroup section */

/* Begin XCBuildConfiguration section */
		644445F81C788A7900D6E2AA /* Debug */ = {
			isa = XCBuildConfiguration;
			buildSettings = {
				ALWAYS_SEARCH_USER_PATHS = NO;
				CLANG_CXX_LANGUAGE_STANDARD = "gnu++0x";
				CLANG_CXX_LIBRARY = "libc++";
				CLANG_ENABLE_MODULES = YES;
				CLANG_ENABLE_OBJC_ARC = YES;
				CLANG_WARN_BOOL_CONVERSION = YES;
				CLANG_WARN_CONSTANT_CONVERSION = YES;
				CLANG_WARN_DIRECT_OBJC_ISA_USAGE = YES_ERROR;
				CLANG_WARN_EMPTY_BODY = YES;
				CLANG_WARN_ENUM_CONVERSION = YES;
				CLANG_WARN_INT_CONVERSION = YES;
				CLANG_WARN_OBJC_ROOT_CLASS = YES_ERROR;
				CLANG_WARN_UNREACHABLE_CODE = YES;
				CLANG_WARN__DUPLICATE_METHOD_MATCH = YES;
				"CODE_SIGN_IDENTITY[sdk=iphoneos*]" = "iPhone Developer";
				COPY_PHASE_STRIP = NO;
				DEBUG_INFORMATION_FORMAT = dwarf;
				ENABLE_STRICT_OBJC_MSGSEND = YES;
				ENABLE_TESTABILITY = YES;
				GCC_C_LANGUAGE_STANDARD = gnu99;
				GCC_DYNAMIC_NO_PIC = NO;
				GCC_NO_COMMON_BLOCKS = YES;
				GCC_OPTIMIZATION_LEVEL = 0;
				GCC_PREPROCESSOR_DEFINITIONS = (
					"DEBUG=1",
					"$(inherited)",
				);
				GCC_WARN_64_TO_32_BIT_CONVERSION = YES;
				GCC_WARN_ABOUT_RETURN_TYPE = YES_ERROR;
				GCC_WARN_UNDECLARED_SELECTOR = YES;
				GCC_WARN_UNINITIALIZED_AUTOS = YES_AGGRESSIVE;
				GCC_WARN_UNUSED_FUNCTION = YES;
				GCC_WARN_UNUSED_VARIABLE = YES;
				IPHONEOS_DEPLOYMENT_TARGET = 9.2;
				MTL_ENABLE_DEBUG_INFO = YES;
				ONLY_ACTIVE_ARCH = YES;
				SDKROOT = iphoneos;
				SWIFT_OPTIMIZATION_LEVEL = "-Onone";
			};
			name = Debug;
		};
		644445F91C788A7900D6E2AA /* Release */ = {
			isa = XCBuildConfiguration;
			buildSettings = {
				ALWAYS_SEARCH_USER_PATHS = NO;
				CLANG_CXX_LANGUAGE_STANDARD = "gnu++0x";
				CLANG_CXX_LIBRARY = "libc++";
				CLANG_ENABLE_MODULES = YES;
				CLANG_ENABLE_OBJC_ARC = YES;
				CLANG_WARN_BOOL_CONVERSION = YES;
				CLANG_WARN_CONSTANT_CONVERSION = YES;
				CLANG_WARN_DIRECT_OBJC_ISA_USAGE = YES_ERROR;
				CLANG_WARN_EMPTY_BODY = YES;
				CLANG_WARN_ENUM_CONVERSION = YES;
				CLANG_WARN_INT_CONVERSION = YES;
				CLANG_WARN_OBJC_ROOT_CLASS = YES_ERROR;
				CLANG_WARN_UNREACHABLE_CODE = YES;
				CLANG_WARN__DUPLICATE_METHOD_MATCH = YES;
				"CODE_SIGN_IDENTITY[sdk=iphoneos*]" = "iPhone Developer";
				COPY_PHASE_STRIP = NO;
				DEBUG_INFORMATION_FORMAT = "dwarf-with-dsym";
				ENABLE_NS_ASSERTIONS = NO;
				ENABLE_STRICT_OBJC_MSGSEND = YES;
				GCC_C_LANGUAGE_STANDARD = gnu99;
				GCC_NO_COMMON_BLOCKS = YES;
				GCC_WARN_64_TO_32_BIT_CONVERSION = YES;
				GCC_WARN_ABOUT_RETURN_TYPE = YES_ERROR;
				GCC_WARN_UNDECLARED_SELECTOR = YES;
				GCC_WARN_UNINITIALIZED_AUTOS = YES_AGGRESSIVE;
				GCC_WARN_UNUSED_FUNCTION = YES;
				GCC_WARN_UNUSED_VARIABLE = YES;
				IPHONEOS_DEPLOYMENT_TARGET = 9.2;
				MTL_ENABLE_DEBUG_INFO = NO;
				SDKROOT = iphoneos;
				VALIDATE_PRODUCT = YES;
			};
			name = Release;
		};
		644445FB1C788A7900D6E2AA /* Debug */ = {
			isa = XCBuildConfiguration;
			baseConfigurationReference = 0805074A63EB54AEDED6C5D1 /* Pods-My Octocat.debug.xcconfig */;
			buildSettings = {
				ASSETCATALOG_COMPILER_APPICON_NAME = AppIcon;
				FRAMEWORK_SEARCH_PATHS = (
					"$(inherited)",
					"$(PROJECT_DIR)/Carthage/Build/iOS",
				);
				INFOPLIST_FILE = "My Octocat/Info.plist";
				LD_RUNPATH_SEARCH_PATHS = "$(inherited) @executable_path/Frameworks";
				PRODUCT_BUNDLE_IDENTIFIER = "danielevitali.My-Octocat";
				PRODUCT_NAME = "$(TARGET_NAME)";
			};
			name = Debug;
		};
		644445FC1C788A7900D6E2AA /* Release */ = {
			isa = XCBuildConfiguration;
			baseConfigurationReference = E7CFB5A1660D1EB6154C81C9 /* Pods-My Octocat.release.xcconfig */;
			buildSettings = {
				ASSETCATALOG_COMPILER_APPICON_NAME = AppIcon;
				FRAMEWORK_SEARCH_PATHS = (
					"$(inherited)",
					"$(PROJECT_DIR)/Carthage/Build/iOS",
				);
				INFOPLIST_FILE = "My Octocat/Info.plist";
				LD_RUNPATH_SEARCH_PATHS = "$(inherited) @executable_path/Frameworks";
				PRODUCT_BUNDLE_IDENTIFIER = "danielevitali.My-Octocat";
				PRODUCT_NAME = "$(TARGET_NAME)";
			};
			name = Release;
		};
/* End XCBuildConfiguration section */

/* Begin XCConfigurationList section */
		644445E01C788A7800D6E2AA /* Build configuration list for PBXProject "My Octocat" */ = {
			isa = XCConfigurationList;
			buildConfigurations = (
				644445F81C788A7900D6E2AA /* Debug */,
				644445F91C788A7900D6E2AA /* Release */,
			);
			defaultConfigurationIsVisible = 0;
			defaultConfigurationName = Release;
		};
		644445FA1C788A7900D6E2AA /* Build configuration list for PBXNativeTarget "My Octocat" */ = {
			isa = XCConfigurationList;
			buildConfigurations = (
				644445FB1C788A7900D6E2AA /* Debug */,
				644445FC1C788A7900D6E2AA /* Release */,
			);
			defaultConfigurationIsVisible = 0;
			defaultConfigurationName = Release;
		};
/* End XCConfigurationList section */

/* Begin XCVersionGroup section */
		644445EF1C788A7900D6E2AA /* My_Octocat.xcdatamodeld */ = {
			isa = XCVersionGroup;
			children = (
				644445F01C788A7900D6E2AA /* My_Octocat.xcdatamodel */,
			);
			currentVersion = 644445F01C788A7900D6E2AA /* My_Octocat.xcdatamodel */;
			name = My_Octocat.xcdatamodeld;
			path = "My Octocat/My_Octocat.xcdatamodeld";
			sourceTree = "<group>";
			versionGroupType = wrapper.xcdatamodel;
		};
/* End XCVersionGroup section */
	};
	rootObject = 644445DD1C788A7800D6E2AA /* Project object */;
}
